
Microsoft Visual Studio Solution File, Format Version 12.00
# Visual Studio Version 16
VisualStudioVersion = 16.0.31019.35
MinimumVisualStudioVersion = 10.0.40219.1
Project("{FAE04EC0-301F-11D3-BF4B-00C04F79EFBC}") = "PO_pierwsze_zajecia", "PO_pierwsze_zajecia\PO_pierwsze_zajecia.csproj", "{3A24AA6C-4484-4047-8016-5CD10D9568FA}"
EndProject
Global
	GlobalSection(SolutionConfigurationPlatforms) = preSolution
		Debug|Any CPU = Debug|Any CPU
		Release|Any CPU = Release|Any CPU
	EndGlobalSection
	GlobalSection(ProjectConfigurationPlatforms) = postSolution
		{3A24AA6C-4484-4047-8016-5CD10D9568FA}.Debug|Any CPU.ActiveCfg = Debug|Any CPU
		{3A24AA6C-4484-4047-8016-5CD10D9568FA}.Debug|Any CPU.Build.0 = Debug|Any CPU
		{3A24AA6C-4484-4047-8016-5CD10D9568FA}.Release|Any CPU.ActiveCfg = Release|Any CPU
		{3A24AA6C-4484-4047-8016-5CD10D9568FA}.Release|Any CPU.Build.0 = Release|Any CPU
	EndGlobalSection
	GlobalSection(SolutionProperties) = preSolution
		HideSolutionNode = FALSE
	EndGlobalSection
	GlobalSection(ExtensibilityGlobals) = postSolution
		SolutionGuid = {771C820A-D45C-463D-A2E5-CE8FAA6145D5}
	EndGlobalSection
EndGlobal
